
Microsoft Visual Studio Solution File, Format Version 12.00
# Visual Studio Version 17
VisualStudioVersion = 17.2.32630.192
MinimumVisualStudioVersion = 10.0.40219.1
Project("{FAE04EC0-301F-11D3-BF4B-00C04F79EFBC}") = "Console", "Console\Console.csproj", "{D95DEA7F-9028-41CA-AE96-7F44A7B6DEC2}"
EndProject
Global
	GlobalSection(SolutionConfigurationPlatforms) = preSolution
		Debug|Any CPU = Debug|Any CPU
		Release|Any CPU = Release|Any CPU
	EndGlobalSection
	GlobalSection(ProjectConfigurationPlatforms) = postSolution
		{D95DEA7F-9028-41CA-AE96-7F44A7B6DEC2}.Debug|Any CPU.ActiveCfg = Debug|Any CPU
		{D95DEA7F-9028-41CA-AE96-7F44A7B6DEC2}.Debug|Any CPU.Build.0 = Debug|Any CPU
		{D95DEA7F-9028-41CA-AE96-7F44A7B6DEC2}.Release|Any CPU.ActiveCfg = Release|Any CPU
		{D95DEA7F-9028-41CA-AE96-7F44A7B6DEC2}.Release|Any CPU.Build.0 = Release|Any CPU
	EndGlobalSection
	GlobalSection(SolutionProperties) = preSolution
		HideSolutionNode = FALSE
	EndGlobalSection
	GlobalSection(ExtensibilityGlobals) = postSolution
		SolutionGuid = {0C627E26-C69C-4F0B-A6EA-049C6191A772}
	EndGlobalSection
EndGlobal
